{
  "requires": true,
  "lockfileVersion": 1,
  "dependencies": {
    "echarts": {
      "version": "3.5.4",
      "resolved": "http://registry.npm.taobao.org/echarts/download/echarts-3.5.4.tgz",
      "integrity": "sha1-9PsyVZcR7cVjdbBr8ddiinB/+eI=",
      "requires": {
        "zrender": "3.7.4"
      }
    },
    "zrender": {
      "version": "3.7.4",
      "resolved": "http://registry.npm.taobao.org/zrender/download/zrender-3.7.4.tgz",
      "integrity": "sha1-+EfVOUhIHvbUKQbR6prux6y+/fI="
    }
  }
}
